// !$*UTF8*$!
{
	archiveVersion = 1;
	classes = {
	};
	objectVersion = 77;
	objects = {

/* Begin PBXBuildFile section */
		DF07ED102E266394003ED2C1 /* JSEngine in Frameworks */ = {isa = PBXBuildFile; productRef = DF07ED0F2E266394003ED2C1 /* JSEngine */; };
		DF07ED122E266394003ED2C1 /* JSEngineMacro in Frameworks */ = {isa = PBXBuildFile; productRef = DF07ED112E266394003ED2C1 /* JSEngineMacro */; };
		DF07ED142E266394003ED2C1 /* RxClipsCore in Frameworks */ = {isa = PBXBuildFile; productRef = DF07ED132E266394003ED2C1 /* RxClipsCore */; };
		DF07ED172E2663A0003ED2C1 /* JSONSchemaForm in Frameworks */ = {isa = PBXBuildFile; productRef = DF07ED162E2663A0003ED2C1 /* JSONSchemaForm */; };
/* End PBXBuildFile section */

/* Begin PBXContainerItemProxy section */
		DF07ECD22E266356003ED2C1 /* PBXContainerItemProxy */ = {
			isa = PBXContainerItemProxy;
			containerPortal = DF07ECB82E266355003ED2C1 /* Project object */;
			proxyType = 1;
			remoteGlobalIDString = DF07ECBF2E266355003ED2C1;
			remoteInfo = rxsnippet;
		};
		DF07ECDC2E266356003ED2C1 /* PBXContainerItemProxy */ = {
			isa = PBXContainerItemProxy;
			containerPortal = DF07ECB82E266355003ED2C1 /* Project object */;
			proxyType = 1;
			remoteGlobalIDString = DF07ECBF2E266355003ED2C1;
			remoteInfo = rxsnippet;
		};
/* End PBXContainerItemProxy section */

/* Begin PBXFileReference section */
		DF07ECC02E266355003ED2C1 /* rxsnippet.app */ = {isa = PBXFileReference; explicitFileType = wrapper.application; includeInIndex = 0; path = rxsnippet.app; sourceTree = BUILT_PRODUCTS_DIR; };
		DF07ECD12E266356003ED2C1 /* rxsnippetTests.xctest */ = {isa = PBXFileReference; explicitFileType = wrapper.cfbundle; includeInIndex = 0; path = rxsnippetTests.xctest; sourceTree = BUILT_PRODUCTS_DIR; };
		DF07ECDB2E266356003ED2C1 /* rxsnippetUITests.xctest */ = {isa = PBXFileReference; explicitFileType = wrapper.cfbundle; includeInIndex = 0; path = rxsnippetUITests.xctest; sourceTree = BUILT_PRODUCTS_DIR; };
/* End PBXFileReference section */

/* Begin PBXFileSystemSynchronizedRootGroup section */
		DF07ECC22E266355003ED2C1 /* rxsnippet */ = {
			isa = PBXFileSystemSynchronizedRootGroup;
			path = rxsnippet;
			sourceTree = "<group>";
		};
		DF07ECD42E266356003ED2C1 /* rxsnippetTests */ = {
			isa = PBXFileSystemSynchronizedRootGroup;
			path = rxsnippetTests;
			sourceTree = "<group>";
		};
		DF07ECDE2E266356003ED2C1 /* rxsnippetUITests */ = {
			isa = PBXFileSystemSynchronizedRootGroup;
			path = rxsnippetUITests;
			sourceTree = "<group>";
		};
/* End PBXFileSystemSynchronizedRootGroup section */

/* Begin PBXFrameworksBuildPhase section */
		DF07ECBD2E266355003ED2C1 /* Frameworks */ = {
			isa = PBXFrameworksBuildPhase;
			buildActionMask = 2147483647;
			files = (
				DF07ED122E266394003ED2C1 /* JSEngineMacro in Frameworks */,
				DF07ED172E2663A0003ED2C1 /* JSONSchemaForm in Frameworks */,
				DF07ED142E266394003ED2C1 /* RxClipsCore in Frameworks */,
				DF07ED102E266394003ED2C1 /* JSEngine in Frameworks */,
			);
			runOnlyForDeploymentPostprocessing = 0;
		};
		DF07ECCE2E266356003ED2C1 /* Frameworks */ = {
			isa = PBXFrameworksBuildPhase;
			buildActionMask = 2147483647;
			files = (
			);
			runOnlyForDeploymentPostprocessing = 0;
		};
		DF07ECD82E266356003ED2C1 /* Frameworks */ = {
			isa = PBXFrameworksBuildPhase;
			buildActionMask = 2147483647;
			files = (
			);
			runOnlyForDeploymentPostprocessing = 0;
		};
/* End PBXFrameworksBuildPhase section */

/* Begin PBXGroup section */
		DF07ECB72E266355003ED2C1 = {
			isa = PBXGroup;
			children = (
				DF07ECC22E266355003ED2C1 /* rxsnippet */,
				DF07ECD42E266356003ED2C1 /* rxsnippetTests */,
				DF07ECDE2E266356003ED2C1 /* rxsnippetUITests */,
				DF07ECC12E266355003ED2C1 /* Products */,
			);
			sourceTree = "<group>";
		};
		DF07ECC12E266355003ED2C1 /* Products */ = {
			isa = PBXGroup;
			children = (
				DF07ECC02E266355003ED2C1 /* rxsnippet.app */,
				DF07ECD12E266356003ED2C1 /* rxsnippetTests.xctest */,
				DF07ECDB2E266356003ED2C1 /* rxsnippetUITests.xctest */,
			);
			name = Products;
			sourceTree = "<group>";
		};
/* End PBXGroup section */

/* Begin PBXNativeTarget section */
		DF07ECBF2E266355003ED2C1 /* rxsnippet */ = {
			isa = PBXNativeTarget;
			buildConfigurationList = DF07ECE52E266356003ED2C1 /* Build configuration list for PBXNativeTarget "rxsnippet" */;
			buildPhases = (
				DF07ECBC2E266355003ED2C1 /* Sources */,
				DF07ECBD2E266355003ED2C1 /* Frameworks */,
				DF07ECBE2E266355003ED2C1 /* Resources */,
			);
			buildRules = (
			);
			dependencies = (
			);
			fileSystemSynchronizedGroups = (
				DF07ECC22E266355003ED2C1 /* rxsnippet */,
			);
			name = rxsnippet;
			packageProductDependencies = (
				DF07ED0F2E266394003ED2C1 /* JSEngine */,
				DF07ED112E266394003ED2C1 /* JSEngineMacro */,
				DF07ED132E266394003ED2C1 /* RxClipsCore */,
				DF07ED162E2663A0003ED2C1 /* JSONSchemaForm */,
			);
			productName = rxsnippet;
			productReference = DF07ECC02E266355003ED2C1 /* rxsnippet.app */;
			productType = "com.apple.product-type.application";
		};
		DF07ECD02E266356003ED2C1 /* rxsnippetTests */ = {
			isa = PBXNativeTarget;
			buildConfigurationList = DF07ECE82E266356003ED2C1 /* Build configuration list for PBXNativeTarget "rxsnippetTests" */;
			buildPhases = (
				DF07ECCD2E266356003ED2C1 /* Sources */,
				DF07ECCE2E266356003ED2C1 /* Frameworks */,
				DF07ECCF2E266356003ED2C1 /* Resources */,
			);
			buildRules = (
			);
			dependencies = (
				DF07ECD32E266356003ED2C1 /* PBXTargetDependency */,
			);
			fileSystemSynchronizedGroups = (
				DF07ECD42E266356003ED2C1 /* rxsnippetTests */,
			);
			name = rxsnippetTests;
			packageProductDependencies = (
			);
			productName = rxsnippetTests;
			productReference = DF07ECD12E266356003ED2C1 /* rxsnippetTests.xctest */;
			productType = "com.apple.product-type.bundle.unit-test";
		};
		DF07ECDA2E266356003ED2C1 /* rxsnippetUITests */ = {
			isa = PBXNativeTarget;
			buildConfigurationList = DF07ECEB2E266356003ED2C1 /* Build configuration list for PBXNativeTarget "rxsnippetUITests" */;
			buildPhases = (
				DF07ECD72E266356003ED2C1 /* Sources */,
				DF07ECD82E266356003ED2C1 /* Frameworks */,
				DF07ECD92E266356003ED2C1 /* Resources */,
			);
			buildRules = (
			);
			dependencies = (
				DF07ECDD2E266356003ED2C1 /* PBXTargetDependency */,
			);
			fileSystemSynchronizedGroups = (
				DF07ECDE2E266356003ED2C1 /* rxsnippetUITests */,
			);
			name = rxsnippetUITests;
			packageProductDependencies = (
			);
			productName = rxsnippetUITests;
			productReference = DF07ECDB2E266356003ED2C1 /* rxsnippetUITests.xctest */;
			productType = "com.apple.product-type.bundle.ui-testing";
		};
/* End PBXNativeTarget section */

/* Begin PBXProject section */
		DF07ECB82E266355003ED2C1 /* Project object */ = {
			isa = PBXProject;
			attributes = {
				BuildIndependentTargetsInParallel = 1;
				LastSwiftUpdateCheck = 1610;
				LastUpgradeCheck = 1610;
				TargetAttributes = {
					DF07ECBF2E266355003ED2C1 = {
						CreatedOnToolsVersion = 16.1;
					};
					DF07ECD02E266356003ED2C1 = {
						CreatedOnToolsVersion = 16.1;
						TestTargetID = DF07ECBF2E266355003ED2C1;
					};
					DF07ECDA2E266356003ED2C1 = {
						CreatedOnToolsVersion = 16.1;
						TestTargetID = DF07ECBF2E266355003ED2C1;
					};
				};
			};
			buildConfigurationList = DF07ECBB2E266355003ED2C1 /* Build configuration list for PBXProject "rxsnippet" */;
			developmentRegion = en;
			hasScannedForEncodings = 0;
			knownRegions = (
				en,
				Base,
			);
			mainGroup = DF07ECB72E266355003ED2C1;
			minimizedProjectReferenceProxies = 1;
			packageReferences = (
				DF07ED0E2E266394003ED2C1 /* XCRemoteSwiftPackageReference "rxclips-core" */,
				DF07ED152E2663A0003ED2C1 /* XCRemoteSwiftPackageReference "swift-jsonschema-form" */,
			);
			preferredProjectObjectVersion = 77;
			productRefGroup = DF07ECC12E266355003ED2C1 /* Products */;
			projectDirPath = "";
			projectRoot = "";
			targets = (
				DF07ECBF2E266355003ED2C1 /* rxsnippet */,
				DF07ECD02E266356003ED2C1 /* rxsnippetTests */,
				DF07ECDA2E266356003ED2C1 /* rxsnippetUITests */,
			);
		};
/* End PBXProject section */

/* Begin PBXResourcesBuildPhase section */
		DF07ECBE2E266355003ED2C1 /* Resources */ = {
			isa = PBXResourcesBuildPhase;
			buildActionMask = 2147483647;
			files = (
			);
			runOnlyForDeploymentPostprocessing = 0;
		};
		DF07ECCF2E266356003ED2C1 /* Resources */ = {
			isa = PBXResourcesBuildPhase;
			buildActionMask = 2147483647;
			files = (
			);
			runOnlyForDeploymentPostprocessing = 0;
		};
		DF07ECD92E266356003ED2C1 /* Resources */ = {
			isa = PBXResourcesBuildPhase;
			buildActionMask = 2147483647;
			files = (
			);
			runOnlyForDeploymentPostprocessing = 0;
		};
/* End PBXResourcesBuildPhase section */

/* Begin PBXSourcesBuildPhase section */
		DF07ECBC2E266355003ED2C1 /* Sources */ = {
			isa = PBXSourcesBuildPhase;
			buildActionMask = 2147483647;
			files = (
			);
			runOnlyForDeploymentPostprocessing = 0;
		};
		DF07ECCD2E266356003ED2C1 /* Sources */ = {
			isa = PBXSourcesBuildPhase;
			buildActionMask = 2147483647;
			files = (
			);
			runOnlyForDeploymentPostprocessing = 0;
		};
		DF07ECD72E266356003ED2C1 /* Sources */ = {
			isa = PBXSourcesBuildPhase;
			buildActionMask = 2147483647;
			files = (
			);
			runOnlyForDeploymentPostprocessing = 0;
		};
/* End PBXSourcesBuildPhase section */

/* Begin PBXTargetDependency section */
		DF07ECD32E266356003ED2C1 /* PBXTargetDependency */ = {
			isa = PBXTargetDependency;
			target = DF07ECBF2E266355003ED2C1 /* rxsnippet */;
			targetProxy = DF07ECD22E266356003ED2C1 /* PBXContainerItemProxy */;
		};
		DF07ECDD2E266356003ED2C1 /* PBXTargetDependency */ = {
			isa = PBXTargetDependency;
			target = DF07ECBF2E266355003ED2C1 /* rxsnippet */;
			targetProxy = DF07ECDC2E266356003ED2C1 /* PBXContainerItemProxy */;
		};
/* End PBXTargetDependency section */

/* Begin XCBuildConfiguration section */
		DF07ECE32E266356003ED2C1 /* Debug */ = {
			isa = XCBuildConfiguration;
			buildSettings = {
				ALWAYS_SEARCH_USER_PATHS = NO;
				ASSETCATALOG_COMPILER_GENERATE_SWIFT_ASSET_SYMBOL_EXTENSIONS = YES;
				CLANG_ANALYZER_NONNULL = YES;
				CLANG_ANALYZER_NUMBER_OBJECT_CONVERSION = YES_AGGRESSIVE;
				CLANG_CXX_LANGUAGE_STANDARD = "gnu++20";
				CLANG_ENABLE_MODULES = YES;
				CLANG_ENABLE_OBJC_ARC = YES;
				CLANG_ENABLE_OBJC_WEAK = YES;
				CLANG_WARN_BLOCK_CAPTURE_AUTORELEASING = YES;
				CLANG_WARN_BOOL_CONVERSION = YES;
				CLANG_WARN_COMMA = YES;
				CLANG_WARN_CONSTANT_CONVERSION = YES;
				CLANG_WARN_DEPRECATED_OBJC_IMPLEMENTATIONS = YES;
				CLANG_WARN_DIRECT_OBJC_ISA_USAGE = YES_ERROR;
				CLANG_WARN_DOCUMENTATION_COMMENTS = YES;
				CLANG_WARN_EMPTY_BODY = YES;
				CLANG_WARN_ENUM_CONVERSION = YES;
				CLANG_WARN_INFINITE_RECURSION = YES;
				CLANG_WARN_INT_CONVERSION = YES;
				CLANG_WARN_NON_LITERAL_NULL_CONVERSION = YES;
				CLANG_WARN_OBJC_IMPLICIT_RETAIN_SELF = YES;
				CLANG_WARN_OBJC_LITERAL_CONVERSION = YES;
				CLANG_WARN_OBJC_ROOT_CLASS = YES_ERROR;
				CLANG_WARN_QUOTED_INCLUDE_IN_FRAMEWORK_HEADER = YES;
				CLANG_WARN_RANGE_LOOP_ANALYSIS = YES;
				CLANG_WARN_STRICT_PROTOTYPES = YES;
				CLANG_WARN_SUSPICIOUS_MOVE = YES;
				CLANG_WARN_UNGUARDED_AVAILABILITY = YES_AGGRESSIVE;
				CLANG_WARN_UNREACHABLE_CODE = YES;
				CLANG_WARN__DUPLICATE_METHOD_MATCH = YES;
				COPY_PHASE_STRIP = NO;
				DEBUG_INFORMATION_FORMAT = dwarf;
				ENABLE_STRICT_OBJC_MSGSEND = YES;
				ENABLE_TESTABILITY = YES;
				ENABLE_USER_SCRIPT_SANDBOXING = YES;
				GCC_C_LANGUAGE_STANDARD = gnu17;
				GCC_DYNAMIC_NO_PIC = NO;
				GCC_NO_COMMON_BLOCKS = YES;
				GCC_OPTIMIZATION_LEVEL = 0;
				GCC_PREPROCESSOR_DEFINITIONS = (
					"DEBUG=1",
					"$(inherited)",
				);
				GCC_WARN_64_TO_32_BIT_CONVERSION = YES;
				GCC_WARN_ABOUT_RETURN_TYPE = YES_ERROR;
				GCC_WARN_UNDECLARED_SELECTOR = YES;
				GCC_WARN_UNINITIALIZED_AUTOS = YES_AGGRESSIVE;
				GCC_WARN_UNUSED_FUNCTION = YES;
				GCC_WARN_UNUSED_VARIABLE = YES;
				LOCALIZATION_PREFERS_STRING_CATALOGS = YES;
				MACOSX_DEPLOYMENT_TARGET = 15.1;
				MTL_ENABLE_DEBUG_INFO = INCLUDE_SOURCE;
				MTL_FAST_MATH = YES;
				ONLY_ACTIVE_ARCH = YES;
				SDKROOT = macosx;
				SWIFT_ACTIVE_COMPILATION_CONDITIONS = "DEBUG $(inherited)";
				SWIFT_OPTIMIZATION_LEVEL = "-Onone";
			};
			name = Debug;
		};
		DF07ECE42E266356003ED2C1 /* Release */ = {
			isa = XCBuildConfiguration;
			buildSettings = {
				ALWAYS_SEARCH_USER_PATHS = NO;
				ASSETCATALOG_COMPILER_GENERATE_SWIFT_ASSET_SYMBOL_EXTENSIONS = YES;
				CLANG_ANALYZER_NONNULL = YES;
				CLANG_ANALYZER_NUMBER_OBJECT_CONVERSION = YES_AGGRESSIVE;
				CLANG_CXX_LANGUAGE_STANDARD = "gnu++20";
				CLANG_ENABLE_MODULES = YES;
				CLANG_ENABLE_OBJC_ARC = YES;
				CLANG_ENABLE_OBJC_WEAK = YES;
				CLANG_WARN_BLOCK_CAPTURE_AUTORELEASING = YES;
				CLANG_WARN_BOOL_CONVERSION = YES;
				CLANG_WARN_COMMA = YES;
				CLANG_WARN_CONSTANT_CONVERSION = YES;
				CLANG_WARN_DEPRECATED_OBJC_IMPLEMENTATIONS = YES;
				CLANG_WARN_DIRECT_OBJC_ISA_USAGE = YES_ERROR;
				CLANG_WARN_DOCUMENTATION_COMMENTS = YES;
				CLANG_WARN_EMPTY_BODY = YES;
				CLANG_WARN_ENUM_CONVERSION = YES;
				CLANG_WARN_INFINITE_RECURSION = YES;
				CLANG_WARN_INT_CONVERSION = YES;
				CLANG_WARN_NON_LITERAL_NULL_CONVERSION = YES;
				CLANG_WARN_OBJC_IMPLICIT_RETAIN_SELF = YES;
				CLANG_WARN_OBJC_LITERAL_CONVERSION = YES;
				CLANG_WARN_OBJC_ROOT_CLASS = YES_ERROR;
				CLANG_WARN_QUOTED_INCLUDE_IN_FRAMEWORK_HEADER = YES;
				CLANG_WARN_RANGE_LOOP_ANALYSIS = YES;
				CLANG_WARN_STRICT_PROTOTYPES = YES;
				CLANG_WARN_SUSPICIOUS_MOVE = YES;
				CLANG_WARN_UNGUARDED_AVAILABILITY = YES_AGGRESSIVE;
				CLANG_WARN_UNREACHABLE_CODE = YES;
				CLANG_WARN__DUPLICATE_METHOD_MATCH = YES;
				COPY_PHASE_STRIP = NO;
				DEBUG_INFORMATION_FORMAT = "dwarf-with-dsym";
				ENABLE_NS_ASSERTIONS = NO;
				ENABLE_STRICT_OBJC_MSGSEND = YES;
				ENABLE_USER_SCRIPT_SANDBOXING = YES;
				GCC_C_LANGUAGE_STANDARD = gnu17;
				GCC_NO_COMMON_BLOCKS = YES;
				GCC_WARN_64_TO_32_BIT_CONVERSION = YES;
				GCC_WARN_ABOUT_RETURN_TYPE = YES_ERROR;
				GCC_WARN_UNDECLARED_SELECTOR = YES;
				GCC_WARN_UNINITIALIZED_AUTOS = YES_AGGRESSIVE;
				GCC_WARN_UNUSED_FUNCTION = YES;
				GCC_WARN_UNUSED_VARIABLE = YES;
				LOCALIZATION_PREFERS_STRING_CATALOGS = YES;
				MACOSX_DEPLOYMENT_TARGET = 15.1;
				MTL_ENABLE_DEBUG_INFO = NO;
				MTL_FAST_MATH = YES;
				SDKROOT = macosx;
				SWIFT_COMPILATION_MODE = wholemodule;
			};
			name = Release;
		};
		DF07ECE62E266356003ED2C1 /* Debug */ = {
			isa = XCBuildConfiguration;
			buildSettings = {
				ASSETCATALOG_COMPILER_APPICON_NAME = AppIcon;
				ASSETCATALOG_COMPILER_GLOBAL_ACCENT_COLOR_NAME = AccentColor;
				CODE_SIGN_ENTITLEMENTS = rxsnippet/rxsnippet.entitlements;
				CODE_SIGN_STYLE = Automatic;
				COMBINE_HIDPI_IMAGES = YES;
				CURRENT_PROJECT_VERSION = 1;
				DEVELOPMENT_ASSET_PATHS = "\"rxsnippet/Preview Content\"";
				DEVELOPMENT_TEAM = P9KK452K8P;
				ENABLE_HARDENED_RUNTIME = YES;
				ENABLE_PREVIEWS = YES;
				GENERATE_INFOPLIST_FILE = YES;
				INFOPLIST_KEY_NSHumanReadableCopyright = "";
				LD_RUNPATH_SEARCH_PATHS = (
					"$(inherited)",
					"@executable_path/../Frameworks",
				);
				MARKETING_VERSION = 1.0;
				PRODUCT_BUNDLE_IDENTIFIER = rxlab.rxsnippet;
				PRODUCT_NAME = "$(TARGET_NAME)";
				SWIFT_EMIT_LOC_STRINGS = YES;
				SWIFT_VERSION = 5.0;
			};
			name = Debug;
		};
		DF07ECE72E266356003ED2C1 /* Release */ = {
			isa = XCBuildConfiguration;
			buildSettings = {
				ASSETCATALOG_COMPILER_APPICON_NAME = AppIcon;
				ASSETCATALOG_COMPILER_GLOBAL_ACCENT_COLOR_NAME = AccentColor;
				CODE_SIGN_ENTITLEMENTS = rxsnippet/rxsnippet.entitlements;
				CODE_SIGN_STYLE = Automatic;
				COMBINE_HIDPI_IMAGES = YES;
				CURRENT_PROJECT_VERSION = 1;
				DEVELOPMENT_ASSET_PATHS = "\"rxsnippet/Preview Content\"";
				DEVELOPMENT_TEAM = P9KK452K8P;
				ENABLE_HARDENED_RUNTIME = YES;
				ENABLE_PREVIEWS = YES;
				GENERATE_INFOPLIST_FILE = YES;
				INFOPLIST_KEY_NSHumanReadableCopyright = "";
				LD_RUNPATH_SEARCH_PATHS = (
					"$(inherited)",
					"@executable_path/../Frameworks",
				);
				MARKETING_VERSION = 1.0;
				PRODUCT_BUNDLE_IDENTIFIER = rxlab.rxsnippet;
				PRODUCT_NAME = "$(TARGET_NAME)";
				SWIFT_EMIT_LOC_STRINGS = YES;
				SWIFT_VERSION = 5.0;
			};
			name = Release;
		};
		DF07ECE92E266356003ED2C1 /* Debug */ = {
			isa = XCBuildConfiguration;
			buildSettings = {
				BUNDLE_LOADER = "$(TEST_HOST)";
				CODE_SIGN_STYLE = Automatic;
				CURRENT_PROJECT_VERSION = 1;
				DEVELOPMENT_TEAM = P9KK452K8P;
				GENERATE_INFOPLIST_FILE = YES;
				MACOSX_DEPLOYMENT_TARGET = 15.1;
				MARKETING_VERSION = 1.0;
				PRODUCT_BUNDLE_IDENTIFIER = rxlab.rxsnippetTests;
				PRODUCT_NAME = "$(TARGET_NAME)";
				SWIFT_EMIT_LOC_STRINGS = NO;
				SWIFT_VERSION = 5.0;
				TEST_HOST = "$(BUILT_PRODUCTS_DIR)/rxsnippet.app/$(BUNDLE_EXECUTABLE_FOLDER_PATH)/rxsnippet";
			};
			name = Debug;
		};
		DF07ECEA2E266356003ED2C1 /* Release */ = {
			isa = XCBuildConfiguration;
			buildSettings = {
				BUNDLE_LOADER = "$(TEST_HOST)";
				CODE_SIGN_STYLE = Automatic;
				CURRENT_PROJECT_VERSION = 1;
				DEVELOPMENT_TEAM = P9KK452K8P;
				GENERATE_INFOPLIST_FILE = YES;
				MACOSX_DEPLOYMENT_TARGET = 15.1;
				MARKETING_VERSION = 1.0;
				PRODUCT_BUNDLE_IDENTIFIER = rxlab.rxsnippetTests;
				PRODUCT_NAME = "$(TARGET_NAME)";
				SWIFT_EMIT_LOC_STRINGS = NO;
				SWIFT_VERSION = 5.0;
				TEST_HOST = "$(BUILT_PRODUCTS_DIR)/rxsnippet.app/$(BUNDLE_EXECUTABLE_FOLDER_PATH)/rxsnippet";
			};
			name = Release;
		};
		DF07ECEC2E266356003ED2C1 /* Debug */ = {
			isa = XCBuildConfiguration;
			buildSettings = {
				CODE_SIGN_STYLE = Automatic;
				CURRENT_PROJECT_VERSION = 1;
				DEVELOPMENT_TEAM = P9KK452K8P;
				GENERATE_INFOPLIST_FILE = YES;
				MARKETING_VERSION = 1.0;
				PRODUCT_BUNDLE_IDENTIFIER = rxlab.rxsnippetUITests;
				PRODUCT_NAME = "$(TARGET_NAME)";
				SWIFT_EMIT_LOC_STRINGS = NO;
				SWIFT_VERSION = 5.0;
				TEST_TARGET_NAME = rxsnippet;
			};
			name = Debug;
		};
		DF07ECED2E266356003ED2C1 /* Release */ = {
			isa = XCBuildConfiguration;
			buildSettings = {
				CODE_SIGN_STYLE = Automatic;
				CURRENT_PROJECT_VERSION = 1;
				DEVELOPMENT_TEAM = P9KK452K8P;
				GENERATE_INFOPLIST_FILE = YES;
				MARKETING_VERSION = 1.0;
				PRODUCT_BUNDLE_IDENTIFIER = rxlab.rxsnippetUITests;
				PRODUCT_NAME = "$(TARGET_NAME)";
				SWIFT_EMIT_LOC_STRINGS = NO;
				SWIFT_VERSION = 5.0;
				TEST_TARGET_NAME = rxsnippet;
			};
			name = Release;
		};
/* End XCBuildConfiguration section */

/* Begin XCConfigurationList section */
		DF07ECBB2E266355003ED2C1 /* Build configuration list for PBXProject "rxsnippet" */ = {
			isa = XCConfigurationList;
			buildConfigurations = (
				DF07ECE32E266356003ED2C1 /* Debug */,
				DF07ECE42E266356003ED2C1 /* Release */,
			);
			defaultConfigurationIsVisible = 0;
			defaultConfigurationName = Release;
		};
		DF07ECE52E266356003ED2C1 /* Build configuration list for PBXNativeTarget "rxsnippet" */ = {
			isa = XCConfigurationList;
			buildConfigurations = (
				DF07ECE62E266356003ED2C1 /* Debug */,
				DF07ECE72E266356003ED2C1 /* Release */,
			);
			defaultConfigurationIsVisible = 0;
			defaultConfigurationName = Release;
		};
		DF07ECE82E266356003ED2C1 /* Build configuration list for PBXNativeTarget "rxsnippetTests" */ = {
			isa = XCConfigurationList;
			buildConfigurations = (
				DF07ECE92E266356003ED2C1 /* Debug */,
				DF07ECEA2E266356003ED2C1 /* Release */,
			);
			defaultConfigurationIsVisible = 0;
			defaultConfigurationName = Release;
		};
		DF07ECEB2E266356003ED2C1 /* Build configuration list for PBXNativeTarget "rxsnippetUITests" */ = {
			isa = XCConfigurationList;
			buildConfigurations = (
				DF07ECEC2E266356003ED2C1 /* Debug */,
				DF07ECED2E266356003ED2C1 /* Release */,
			);
			defaultConfigurationIsVisible = 0;
			defaultConfigurationName = Release;
		};
/* End XCConfigurationList section */

/* Begin XCRemoteSwiftPackageReference section */
		DF07ED0E2E266394003ED2C1 /* XCRemoteSwiftPackageReference "rxclips-core" */ = {
			isa = XCRemoteSwiftPackageReference;
			repositoryURL = "https://github.com/rxtech-lab/rxclips-core";
			requirement = {
				branch = main;
				kind = branch;
			};
		};
		DF07ED152E2663A0003ED2C1 /* XCRemoteSwiftPackageReference "swift-jsonschema-form" */ = {
			isa = XCRemoteSwiftPackageReference;
			repositoryURL = "https://github.com/sirily11/swift-jsonschema-form.git";
			requirement = {
				branch = main;
				kind = branch;
			};
		};
/* End XCRemoteSwiftPackageReference section */

/* Begin XCSwiftPackageProductDependency section */
		DF07ED0F2E266394003ED2C1 /* JSEngine */ = {
			isa = XCSwiftPackageProductDependency;
			package = DF07ED0E2E266394003ED2C1 /* XCRemoteSwiftPackageReference "rxclips-core" */;
			productName = JSEngine;
		};
		DF07ED112E266394003ED2C1 /* JSEngineMacro */ = {
			isa = XCSwiftPackageProductDependency;
			package = DF07ED0E2E266394003ED2C1 /* XCRemoteSwiftPackageReference "rxclips-core" */;
			productName = JSEngineMacro;
		};
		DF07ED132E266394003ED2C1 /* RxClipsCore */ = {
			isa = XCSwiftPackageProductDependency;
			package = DF07ED0E2E266394003ED2C1 /* XCRemoteSwiftPackageReference "rxclips-core" */;
			productName = RxClipsCore;
		};
		DF07ED162E2663A0003ED2C1 /* JSONSchemaForm */ = {
			isa = XCSwiftPackageProductDependency;
			package = DF07ED152E2663A0003ED2C1 /* XCRemoteSwiftPackageReference "swift-jsonschema-form" */;
			productName = JSONSchemaForm;
		};
/* End XCSwiftPackageProductDependency section */
	};
	rootObject = DF07ECB82E266355003ED2C1 /* Project object */;
}
